
Microsoft Visual Studio Solution File, Format Version 12.00
# Visual Studio Version 17
VisualStudioVersion = 17.13.35913.81 d17.13
MinimumVisualStudioVersion = 10.0.40219.1
Project("{FAE04EC0-301F-11D3-BF4B-00C04F79EFBC}") = "CoursC#2026-RPG", "CoursC#2026-RPG\CoursC#2026-RPG.csproj", "{13BDC112-6243-40F3-BB3F-98AB71461D98}"
EndProject
Global
	GlobalSection(SolutionConfigurationPlatforms) = preSolution
		Debug|Any CPU = Debug|Any CPU
		Release|Any CPU = Release|Any CPU
	EndGlobalSection
	GlobalSection(ProjectConfigurationPlatforms) = postSolution
		{13BDC112-6243-40F3-BB3F-98AB71461D98}.Debug|Any CPU.ActiveCfg = Debug|Any CPU
		{13BDC112-6243-40F3-BB3F-98AB71461D98}.Debug|Any CPU.Build.0 = Debug|Any CPU
		{13BDC112-6243-40F3-BB3F-98AB71461D98}.Release|Any CPU.ActiveCfg = Release|Any CPU
		{13BDC112-6243-40F3-BB3F-98AB71461D98}.Release|Any CPU.Build.0 = Release|Any CPU
	EndGlobalSection
	GlobalSection(SolutionProperties) = preSolution
		HideSolutionNode = FALSE
	EndGlobalSection
	GlobalSection(ExtensibilityGlobals) = postSolution
		SolutionGuid = {B02A8B3C-18AB-4C74-B343-4BDC648674CF}
	EndGlobalSection
EndGlobal
